// !$*UTF8*$!
{
	archiveVersion = 1;
	classes = {
	};
	objectVersion = 56;
	objects = {

/* Begin PBXBuildFile section */
		8428475A2A4A5D6F00C7F02D /* Atividade.swift in Sources */ = {isa = PBXBuildFile; fileRef = 842847592A4A5D6F00C7F02D /* Atividade.swift */; };
		8428475E2A4A5E6F00C7F02D /* ListaAtividadesView.swift in Sources */ = {isa = PBXBuildFile; fileRef = 8428475D2A4A5E6F00C7F02D /* ListaAtividadesView.swift */; };
		849714462A4CC1DA001CD17A /* Modificador.swift in Sources */ = {isa = PBXBuildFile; fileRef = 849714452A4CC1DA001CD17A /* Modificador.swift */; };
		849714482A4CC202001CD17A /* ChatGPT.swift in Sources */ = {isa = PBXBuildFile; fileRef = 849714472A4CC202001CD17A /* ChatGPT.swift */; };
		8497144B2A4CC28A001CD17A /* EditorAtividadeView.swift in Sources */ = {isa = PBXBuildFile; fileRef = 8497144A2A4CC28A001CD17A /* EditorAtividadeView.swift */; };
		84D797522A44B8CF0038A91E /* Mini1App.swift in Sources */ = {isa = PBXBuildFile; fileRef = 84D797512A44B8CF0038A91E /* Mini1App.swift */; };
		84D797542A44B8CF0038A91E /* OnboardingView.swift in Sources */ = {isa = PBXBuildFile; fileRef = 84D797532A44B8CF0038A91E /* OnboardingView.swift */; };
		84D797592A44B8D10038A91E /* Preview Assets.xcassets in Resources */ = {isa = PBXBuildFile; fileRef = 84D797582A44B8D10038A91E /* Preview Assets.xcassets */; };
		84D797612A44C2FC0038A91E /* MoodCard.swift in Sources */ = {isa = PBXBuildFile; fileRef = 84D797602A44C2FC0038A91E /* MoodCard.swift */; };
		84D797632A44D5920038A91E /* GreenButton.swift in Sources */ = {isa = PBXBuildFile; fileRef = 84D797622A44D5920038A91E /* GreenButton.swift */; };
		C017F2582A4DF53300199160 /* ChatKey.swift in Sources */ = {isa = PBXBuildFile; fileRef = C017F2572A4DF53300199160 /* ChatKey.swift */; };
		C01B980F2A54E2BB0097D89B /* ListaAtividades.swift in Sources */ = {isa = PBXBuildFile; fileRef = C01B980E2A54E2BB0097D89B /* ListaAtividades.swift */; };
		C06B4F602A55D67800854206 /* Assets.xcassets in Resources */ = {isa = PBXBuildFile; fileRef = C06B4F5F2A55D67800854206 /* Assets.xcassets */; };
		C07AF8472A53349800FBFDB2 /* GerenciadorArquivos.swift in Sources */ = {isa = PBXBuildFile; fileRef = C07AF8462A53349800FBFDB2 /* GerenciadorArquivos.swift */; };
/* End PBXBuildFile section */

/* Begin PBXFileReference section */
		842847592A4A5D6F00C7F02D /* Atividade.swift */ = {isa = PBXFileReference; lastKnownFileType = sourcecode.swift; path = Atividade.swift; sourceTree = "<group>"; };
		8428475D2A4A5E6F00C7F02D /* ListaAtividadesView.swift */ = {isa = PBXFileReference; lastKnownFileType = sourcecode.swift; path = ListaAtividadesView.swift; sourceTree = "<group>"; };
		849714452A4CC1DA001CD17A /* Modificador.swift */ = {isa = PBXFileReference; lastKnownFileType = sourcecode.swift; path = Modificador.swift; sourceTree = "<group>"; };
		849714472A4CC202001CD17A /* ChatGPT.swift */ = {isa = PBXFileReference; lastKnownFileType = sourcecode.swift; path = ChatGPT.swift; sourceTree = "<group>"; };
		8497144A2A4CC28A001CD17A /* EditorAtividadeView.swift */ = {isa = PBXFileReference; lastKnownFileType = sourcecode.swift; path = EditorAtividadeView.swift; sourceTree = "<group>"; };
		84D7974E2A44B8CF0038A91E /* Mini1.app */ = {isa = PBXFileReference; explicitFileType = wrapper.application; includeInIndex = 0; path = Mini1.app; sourceTree = BUILT_PRODUCTS_DIR; };
		84D797512A44B8CF0038A91E /* Mini1App.swift */ = {isa = PBXFileReference; lastKnownFileType = sourcecode.swift; path = Mini1App.swift; sourceTree = "<group>"; };
		84D797532A44B8CF0038A91E /* OnboardingView.swift */ = {isa = PBXFileReference; lastKnownFileType = sourcecode.swift; path = OnboardingView.swift; sourceTree = "<group>"; };
		84D797582A44B8D10038A91E /* Preview Assets.xcassets */ = {isa = PBXFileReference; lastKnownFileType = folder.assetcatalog; path = "Preview Assets.xcassets"; sourceTree = "<group>"; };
		84D797602A44C2FC0038A91E /* MoodCard.swift */ = {isa = PBXFileReference; lastKnownFileType = sourcecode.swift; path = MoodCard.swift; sourceTree = "<group>"; };
		84D797622A44D5920038A91E /* GreenButton.swift */ = {isa = PBXFileReference; lastKnownFileType = sourcecode.swift; path = GreenButton.swift; sourceTree = "<group>"; };
		C017F2572A4DF53300199160 /* ChatKey.swift */ = {isa = PBXFileReference; lastKnownFileType = sourcecode.swift; path = ChatKey.swift; sourceTree = "<group>"; };
		C01B980E2A54E2BB0097D89B /* ListaAtividades.swift */ = {isa = PBXFileReference; lastKnownFileType = sourcecode.swift; path = ListaAtividades.swift; sourceTree = "<group>"; };
		C06B4F5F2A55D67800854206 /* Assets.xcassets */ = {isa = PBXFileReference; lastKnownFileType = folder.assetcatalog; name = Assets.xcassets; path = ../../../../../../Downloads/Assets.xcassets; sourceTree = "<group>"; };
		C06B4F612A55D78000854206 /* Assets.xcassets */ = {isa = PBXFileReference; lastKnownFileType = folder.assetcatalog; name = Assets.xcassets; path = ../../../../../Downloads/Assets.xcassets; sourceTree = "<group>"; };
		C07AF8462A53349800FBFDB2 /* GerenciadorArquivos.swift */ = {isa = PBXFileReference; lastKnownFileType = sourcecode.swift; path = GerenciadorArquivos.swift; sourceTree = "<group>"; };
/* End PBXFileReference section */

/* Begin PBXFrameworksBuildPhase section */
		84D7974B2A44B8CF0038A91E /* Frameworks */ = {
			isa = PBXFrameworksBuildPhase;
			buildActionMask = 2147483647;
			files = (
			);
			runOnlyForDeploymentPostprocessing = 0;
		};
/* End PBXFrameworksBuildPhase section */

/* Begin PBXGroup section */
		849714442A4CC1A5001CD17A /* Auxiliares */ = {
			isa = PBXGroup;
			children = (
				849714452A4CC1DA001CD17A /* Modificador.swift */,
				C017F2572A4DF53300199160 /* ChatKey.swift */,
				849714472A4CC202001CD17A /* ChatGPT.swift */,
				C01B980E2A54E2BB0097D89B /* ListaAtividades.swift */,
			);
			path = Auxiliares;
			sourceTree = "<group>";
		};
		849714492A4CC260001CD17A /* Views */ = {
			isa = PBXGroup;
			children = (
				84D797532A44B8CF0038A91E /* OnboardingView.swift */,
				8497144A2A4CC28A001CD17A /* EditorAtividadeView.swift */,
				8428475D2A4A5E6F00C7F02D /* ListaAtividadesView.swift */,
			);
			path = Views;
			sourceTree = "<group>";
		};
		84D797452A44B8CF0038A91E = {
			isa = PBXGroup;
			children = (
				84D797502A44B8CF0038A91E /* Mini1 */,
				84D7974F2A44B8CF0038A91E /* Products */,
			);
			sourceTree = "<group>";
		};
		84D7974F2A44B8CF0038A91E /* Products */ = {
			isa = PBXGroup;
			children = (
				84D7974E2A44B8CF0038A91E /* Mini1.app */,
			);
			name = Products;
			sourceTree = "<group>";
		};
		84D797502A44B8CF0038A91E /* Mini1 */ = {
			isa = PBXGroup;
			children = (
				849714492A4CC260001CD17A /* Views */,
				849714442A4CC1A5001CD17A /* Auxiliares */,
				84D7975F2A44C2DF0038A91E /* Componentes */,
				84D797512A44B8CF0038A91E /* Mini1App.swift */,
				C06B4F612A55D78000854206 /* Assets.xcassets */,
				84D797572A44B8D10038A91E /* Preview Content */,
			);
			path = Mini1;
			sourceTree = "<group>";
		};
		84D797572A44B8D10038A91E /* Preview Content */ = {
			isa = PBXGroup;
			children = (
				C06B4F5F2A55D67800854206 /* Assets.xcassets */,
				84D797582A44B8D10038A91E /* Preview Assets.xcassets */,
			);
			path = "Preview Content";
			sourceTree = "<group>";
		};
		84D7975F2A44C2DF0038A91E /* Componentes */ = {
			isa = PBXGroup;
			children = (
				84D797602A44C2FC0038A91E /* MoodCard.swift */,
				84D797622A44D5920038A91E /* GreenButton.swift */,
				842847592A4A5D6F00C7F02D /* Atividade.swift */,
				C07AF8462A53349800FBFDB2 /* GerenciadorArquivos.swift */,
			);
			path = Componentes;
			sourceTree = "<group>";
		};
/* End PBXGroup section */

/* Begin PBXNativeTarget section */
		84D7974D2A44B8CF0038A91E /* Mini1 */ = {
			isa = PBXNativeTarget;
			buildConfigurationList = 84D7975C2A44B8D10038A91E /* Build configuration list for PBXNativeTarget "Mini1" */;
			buildPhases = (
				84D7974A2A44B8CF0038A91E /* Sources */,
				84D7974B2A44B8CF0038A91E /* Frameworks */,
				84D7974C2A44B8CF0038A91E /* Resources */,
			);
			buildRules = (
			);
			dependencies = (
			);
			name = Mini1;
			productName = Mini1;
			productReference = 84D7974E2A44B8CF0038A91E /* Mini1.app */;
			productType = "com.apple.product-type.application";
		};
/* End PBXNativeTarget section */

/* Begin PBXProject section */
		84D797462A44B8CF0038A91E /* Project object */ = {
			isa = PBXProject;
			attributes = {
				BuildIndependentTargetsInParallel = 1;
				LastSwiftUpdateCheck = 1430;
				LastUpgradeCheck = 1430;
				TargetAttributes = {
					84D7974D2A44B8CF0038A91E = {
						CreatedOnToolsVersion = 14.3;
					};
				};
			};
			buildConfigurationList = 84D797492A44B8CF0038A91E /* Build configuration list for PBXProject "Mini1" */;
			compatibilityVersion = "Xcode 14.0";
			developmentRegion = en;
			hasScannedForEncodings = 0;
			knownRegions = (
				en,
				Base,
			);
			mainGroup = 84D797452A44B8CF0038A91E;
			productRefGroup = 84D7974F2A44B8CF0038A91E /* Products */;
			projectDirPath = "";
			projectRoot = "";
			targets = (
				84D7974D2A44B8CF0038A91E /* Mini1 */,
			);
		};
/* End PBXProject section */

/* Begin PBXResourcesBuildPhase section */
		84D7974C2A44B8CF0038A91E /* Resources */ = {
			isa = PBXResourcesBuildPhase;
			buildActionMask = 2147483647;
			files = (
				84D797592A44B8D10038A91E /* Preview Assets.xcassets in Resources */,
				C06B4F602A55D67800854206 /* Assets.xcassets in Resources */,
			);
			runOnlyForDeploymentPostprocessing = 0;
		};
/* End PBXResourcesBuildPhase section */

/* Begin PBXSourcesBuildPhase section */
		84D7974A2A44B8CF0038A91E /* Sources */ = {
			isa = PBXSourcesBuildPhase;
			buildActionMask = 2147483647;
			files = (
				84D797542A44B8CF0038A91E /* OnboardingView.swift in Sources */,
				84D797632A44D5920038A91E /* GreenButton.swift in Sources */,
				8497144B2A4CC28A001CD17A /* EditorAtividadeView.swift in Sources */,
				C017F2582A4DF53300199160 /* ChatKey.swift in Sources */,
				849714482A4CC202001CD17A /* ChatGPT.swift in Sources */,
				8428475E2A4A5E6F00C7F02D /* ListaAtividadesView.swift in Sources */,
				84D797612A44C2FC0038A91E /* MoodCard.swift in Sources */,
				C01B980F2A54E2BB0097D89B /* ListaAtividades.swift in Sources */,
				C07AF8472A53349800FBFDB2 /* GerenciadorArquivos.swift in Sources */,
				849714462A4CC1DA001CD17A /* Modificador.swift in Sources */,
				8428475A2A4A5D6F00C7F02D /* Atividade.swift in Sources */,
				84D797522A44B8CF0038A91E /* Mini1App.swift in Sources */,
			);
			runOnlyForDeploymentPostprocessing = 0;
		};
/* End PBXSourcesBuildPhase section */

/* Begin XCBuildConfiguration section */
		84D7975A2A44B8D10038A91E /* Debug */ = {
			isa = XCBuildConfiguration;
			buildSettings = {
				ALWAYS_SEARCH_USER_PATHS = NO;
				CLANG_ANALYZER_NONNULL = YES;
				CLANG_ANALYZER_NUMBER_OBJECT_CONVERSION = YES_AGGRESSIVE;
				CLANG_CXX_LANGUAGE_STANDARD = "gnu++20";
				CLANG_ENABLE_MODULES = YES;
				CLANG_ENABLE_OBJC_ARC = YES;
				CLANG_ENABLE_OBJC_WEAK = YES;
				CLANG_WARN_BLOCK_CAPTURE_AUTORELEASING = YES;
				CLANG_WARN_BOOL_CONVERSION = YES;
				CLANG_WARN_COMMA = YES;
				CLANG_WARN_CONSTANT_CONVERSION = YES;
				CLANG_WARN_DEPRECATED_OBJC_IMPLEMENTATIONS = YES;
				CLANG_WARN_DIRECT_OBJC_ISA_USAGE = YES_ERROR;
				CLANG_WARN_DOCUMENTATION_COMMENTS = YES;
				CLANG_WARN_EMPTY_BODY = YES;
				CLANG_WARN_ENUM_CONVERSION = YES;
				CLANG_WARN_INFINITE_RECURSION = YES;
				CLANG_WARN_INT_CONVERSION = YES;
				CLANG_WARN_NON_LITERAL_NULL_CONVERSION = YES;
				CLANG_WARN_OBJC_IMPLICIT_RETAIN_SELF = YES;
				CLANG_WARN_OBJC_LITERAL_CONVERSION = YES;
				CLANG_WARN_OBJC_ROOT_CLASS = YES_ERROR;
				CLANG_WARN_QUOTED_INCLUDE_IN_FRAMEWORK_HEADER = YES;
				CLANG_WARN_RANGE_LOOP_ANALYSIS = YES;
				CLANG_WARN_STRICT_PROTOTYPES = YES;
				CLANG_WARN_SUSPICIOUS_MOVE = YES;
				CLANG_WARN_UNGUARDED_AVAILABILITY = YES_AGGRESSIVE;
				CLANG_WARN_UNREACHABLE_CODE = YES;
				CLANG_WARN__DUPLICATE_METHOD_MATCH = YES;
				COPY_PHASE_STRIP = NO;
				DEBUG_INFORMATION_FORMAT = dwarf;
				ENABLE_STRICT_OBJC_MSGSEND = YES;
				ENABLE_TESTABILITY = YES;
				GCC_C_LANGUAGE_STANDARD = gnu11;
				GCC_DYNAMIC_NO_PIC = NO;
				GCC_NO_COMMON_BLOCKS = YES;
				GCC_OPTIMIZATION_LEVEL = 0;
				GCC_PREPROCESSOR_DEFINITIONS = (
					"DEBUG=1",
					"$(inherited)",
				);
				GCC_WARN_64_TO_32_BIT_CONVERSION = YES;
				GCC_WARN_ABOUT_RETURN_TYPE = YES_ERROR;
				GCC_WARN_UNDECLARED_SELECTOR = YES;
				GCC_WARN_UNINITIALIZED_AUTOS = YES_AGGRESSIVE;
				GCC_WARN_UNUSED_FUNCTION = YES;
				GCC_WARN_UNUSED_VARIABLE = YES;
				IPHONEOS_DEPLOYMENT_TARGET = 16.4;
				MTL_ENABLE_DEBUG_INFO = INCLUDE_SOURCE;
				MTL_FAST_MATH = YES;
				ONLY_ACTIVE_ARCH = YES;
				SDKROOT = iphoneos;
				SWIFT_ACTIVE_COMPILATION_CONDITIONS = DEBUG;
				SWIFT_OPTIMIZATION_LEVEL = "-Onone";
			};
			name = Debug;
		};
		84D7975B2A44B8D10038A91E /* Release */ = {
			isa = XCBuildConfiguration;
			buildSettings = {
				ALWAYS_SEARCH_USER_PATHS = NO;
				CLANG_ANALYZER_NONNULL = YES;
				CLANG_ANALYZER_NUMBER_OBJECT_CONVERSION = YES_AGGRESSIVE;
				CLANG_CXX_LANGUAGE_STANDARD = "gnu++20";
				CLANG_ENABLE_MODULES = YES;
				CLANG_ENABLE_OBJC_ARC = YES;
				CLANG_ENABLE_OBJC_WEAK = YES;
				CLANG_WARN_BLOCK_CAPTURE_AUTORELEASING = YES;
				CLANG_WARN_BOOL_CONVERSION = YES;
				CLANG_WARN_COMMA = YES;
				CLANG_WARN_CONSTANT_CONVERSION = YES;
				CLANG_WARN_DEPRECATED_OBJC_IMPLEMENTATIONS = YES;
				CLANG_WARN_DIRECT_OBJC_ISA_USAGE = YES_ERROR;
				CLANG_WARN_DOCUMENTATION_COMMENTS = YES;
				CLANG_WARN_EMPTY_BODY = YES;
				CLANG_WARN_ENUM_CONVERSION = YES;
				CLANG_WARN_INFINITE_RECURSION = YES;
				CLANG_WARN_INT_CONVERSION = YES;
				CLANG_WARN_NON_LITERAL_NULL_CONVERSION = YES;
				CLANG_WARN_OBJC_IMPLICIT_RETAIN_SELF = YES;
				CLANG_WARN_OBJC_LITERAL_CONVERSION = YES;
				CLANG_WARN_OBJC_ROOT_CLASS = YES_ERROR;
				CLANG_WARN_QUOTED_INCLUDE_IN_FRAMEWORK_HEADER = YES;
				CLANG_WARN_RANGE_LOOP_ANALYSIS = YES;
				CLANG_WARN_STRICT_PROTOTYPES = YES;
				CLANG_WARN_SUSPICIOUS_MOVE = YES;
				CLANG_WARN_UNGUARDED_AVAILABILITY = YES_AGGRESSIVE;
				CLANG_WARN_UNREACHABLE_CODE = YES;
				CLANG_WARN__DUPLICATE_METHOD_MATCH = YES;
				COPY_PHASE_STRIP = NO;
				DEBUG_INFORMATION_FORMAT = "dwarf-with-dsym";
				ENABLE_NS_ASSERTIONS = NO;
				ENABLE_STRICT_OBJC_MSGSEND = YES;
				GCC_C_LANGUAGE_STANDARD = gnu11;
				GCC_NO_COMMON_BLOCKS = YES;
				GCC_WARN_64_TO_32_BIT_CONVERSION = YES;
				GCC_WARN_ABOUT_RETURN_TYPE = YES_ERROR;
				GCC_WARN_UNDECLARED_SELECTOR = YES;
				GCC_WARN_UNINITIALIZED_AUTOS = YES_AGGRESSIVE;
				GCC_WARN_UNUSED_FUNCTION = YES;
				GCC_WARN_UNUSED_VARIABLE = YES;
				IPHONEOS_DEPLOYMENT_TARGET = 16.4;
				MTL_ENABLE_DEBUG_INFO = NO;
				MTL_FAST_MATH = YES;
				SDKROOT = iphoneos;
				SWIFT_COMPILATION_MODE = wholemodule;
				SWIFT_OPTIMIZATION_LEVEL = "-O";
				VALIDATE_PRODUCT = YES;
			};
			name = Release;
		};
		84D7975D2A44B8D10038A91E /* Debug */ = {
			isa = XCBuildConfiguration;
			buildSettings = {
				ASSETCATALOG_COMPILER_APPICON_NAME = AppIcon;
				ASSETCATALOG_COMPILER_GLOBAL_ACCENT_COLOR_NAME = AccentColor;
				CODE_SIGN_STYLE = Automatic;
				CURRENT_PROJECT_VERSION = 1;
				DEVELOPMENT_ASSET_PATHS = "\"Mini1/Preview Content\"";
				DEVELOPMENT_TEAM = J74996J2KY;
				ENABLE_PREVIEWS = YES;
				GENERATE_INFOPLIST_FILE = YES;
				INFOPLIST_KEY_UIApplicationSceneManifest_Generation = YES;
				INFOPLIST_KEY_UIApplicationSupportsIndirectInputEvents = YES;
				INFOPLIST_KEY_UILaunchScreen_Generation = YES;
				INFOPLIST_KEY_UISupportedInterfaceOrientations_iPad = "UIInterfaceOrientationPortrait UIInterfaceOrientationPortraitUpsideDown UIInterfaceOrientationLandscapeLeft UIInterfaceOrientationLandscapeRight";
				INFOPLIST_KEY_UISupportedInterfaceOrientations_iPhone = "UIInterfaceOrientationPortrait UIInterfaceOrientationLandscapeLeft UIInterfaceOrientationLandscapeRight";
				LD_RUNPATH_SEARCH_PATHS = (
					"$(inherited)",
					"@executable_path/Frameworks",
				);
				MARKETING_VERSION = 1.0;
				PRODUCT_BUNDLE_IDENTIFIER = ADA.Mini1;
				PRODUCT_NAME = "$(TARGET_NAME)";
				SWIFT_EMIT_LOC_STRINGS = YES;
				SWIFT_VERSION = 5.0;
				TARGETED_DEVICE_FAMILY = "1,2";
			};
			name = Debug;
		};
		84D7975E2A44B8D10038A91E /* Release */ = {
			isa = XCBuildConfiguration;
			buildSettings = {
				ASSETCATALOG_COMPILER_APPICON_NAME = AppIcon;
				ASSETCATALOG_COMPILER_GLOBAL_ACCENT_COLOR_NAME = AccentColor;
				CODE_SIGN_STYLE = Automatic;
				CURRENT_PROJECT_VERSION = 1;
				DEVELOPMENT_ASSET_PATHS = "\"Mini1/Preview Content\"";
				DEVELOPMENT_TEAM = J74996J2KY;
				ENABLE_PREVIEWS = YES;
				GENERATE_INFOPLIST_FILE = YES;
				INFOPLIST_KEY_UIApplicationSceneManifest_Generation = YES;
				INFOPLIST_KEY_UIApplicationSupportsIndirectInputEvents = YES;
				INFOPLIST_KEY_UILaunchScreen_Generation = YES;
				INFOPLIST_KEY_UISupportedInterfaceOrientations_iPad = "UIInterfaceOrientationPortrait UIInterfaceOrientationPortraitUpsideDown UIInterfaceOrientationLandscapeLeft UIInterfaceOrientationLandscapeRight";
				INFOPLIST_KEY_UISupportedInterfaceOrientations_iPhone = "UIInterfaceOrientationPortrait UIInterfaceOrientationLandscapeLeft UIInterfaceOrientationLandscapeRight";
				LD_RUNPATH_SEARCH_PATHS = (
					"$(inherited)",
					"@executable_path/Frameworks",
				);
				MARKETING_VERSION = 1.0;
				PRODUCT_BUNDLE_IDENTIFIER = ADA.Mini1;
				PRODUCT_NAME = "$(TARGET_NAME)";
				SWIFT_EMIT_LOC_STRINGS = YES;
				SWIFT_VERSION = 5.0;
				TARGETED_DEVICE_FAMILY = "1,2";
			};
			name = Release;
		};
/* End XCBuildConfiguration section */

/* Begin XCConfigurationList section */
		84D797492A44B8CF0038A91E /* Build configuration list for PBXProject "Mini1" */ = {
			isa = XCConfigurationList;
			buildConfigurations = (
				84D7975A2A44B8D10038A91E /* Debug */,
				84D7975B2A44B8D10038A91E /* Release */,
			);
			defaultConfigurationIsVisible = 0;
			defaultConfigurationName = Release;
		};
		84D7975C2A44B8D10038A91E /* Build configuration list for PBXNativeTarget "Mini1" */ = {
			isa = XCConfigurationList;
			buildConfigurations = (
				84D7975D2A44B8D10038A91E /* Debug */,
				84D7975E2A44B8D10038A91E /* Release */,
			);
			defaultConfigurationIsVisible = 0;
			defaultConfigurationName = Release;
		};
/* End XCConfigurationList section */
	};
	rootObject = 84D797462A44B8CF0038A91E /* Project object */;
}
